
Microsoft Visual Studio Solution File, Format Version 12.00
# Visual Studio Version 17
VisualStudioVersion = 17.9.34622.214
MinimumVisualStudioVersion = 10.0.40219.1
Project("{9A19103F-16F7-4668-BE54-9A1E7A4F7556}") = "Proje_Yönetim_Takip_Sistemi", "Demo_indetity_4\Proje_Yönetim_Takip_Sistemi.csproj", "{8FCBF932-127F-4340-BB9B-6AF04F6A1EAC}"
EndProject
Global
	GlobalSection(SolutionConfigurationPlatforms) = preSolution
		Debug|Any CPU = Debug|Any CPU
		Release|Any CPU = Release|Any CPU
	EndGlobalSection
	GlobalSection(ProjectConfigurationPlatforms) = postSolution
		{8FCBF932-127F-4340-BB9B-6AF04F6A1EAC}.Debug|Any CPU.ActiveCfg = Debug|Any CPU
		{8FCBF932-127F-4340-BB9B-6AF04F6A1EAC}.Debug|Any CPU.Build.0 = Debug|Any CPU
		{8FCBF932-127F-4340-BB9B-6AF04F6A1EAC}.Release|Any CPU.ActiveCfg = Release|Any CPU
		{8FCBF932-127F-4340-BB9B-6AF04F6A1EAC}.Release|Any CPU.Build.0 = Release|Any CPU
	EndGlobalSection
	GlobalSection(SolutionProperties) = preSolution
		HideSolutionNode = FALSE
	EndGlobalSection
	GlobalSection(ExtensibilityGlobals) = postSolution
		SolutionGuid = {58538C53-A6BE-4878-8288-F34A00300005}
	EndGlobalSection
EndGlobal
